
Microsoft Visual Studio Solution File, Format Version 12.00
# Visual Studio 15
VisualStudioVersion = 15.0.28307.329
MinimumVisualStudioVersion = 10.0.40219.1
Project("{FAE04EC0-301F-11D3-BF4B-00C04F79EFBC}") = "DIS_ASSIGNMENT", "DIS_ASSIGNMENT\DIS_ASSIGNMENT.csproj", "{C3E4884B-BDF4-42E0-891F-04C3390C05D4}"
EndProject
Global
	GlobalSection(SolutionConfigurationPlatforms) = preSolution
		Debug|Any CPU = Debug|Any CPU
		Release|Any CPU = Release|Any CPU
	EndGlobalSection
	GlobalSection(ProjectConfigurationPlatforms) = postSolution
		{C3E4884B-BDF4-42E0-891F-04C3390C05D4}.Debug|Any CPU.ActiveCfg = Debug|Any CPU
		{C3E4884B-BDF4-42E0-891F-04C3390C05D4}.Debug|Any CPU.Build.0 = Debug|Any CPU
		{C3E4884B-BDF4-42E0-891F-04C3390C05D4}.Release|Any CPU.ActiveCfg = Release|Any CPU
		{C3E4884B-BDF4-42E0-891F-04C3390C05D4}.Release|Any CPU.Build.0 = Release|Any CPU
	EndGlobalSection
	GlobalSection(SolutionProperties) = preSolution
		HideSolutionNode = FALSE
	EndGlobalSection
	GlobalSection(ExtensibilityGlobals) = postSolution
		SolutionGuid = {81983EDA-311B-45BF-8FB0-E4E5DC4972B2}
	EndGlobalSection
EndGlobal
